
Microsoft Visual Studio Solution File, Format Version 12.00
# Visual Studio Version 17
VisualStudioVersion = 17.5.001.0
MinimumVisualStudioVersion = 10.0.40219.1
Project("{2150E333-8FDC-42A3-9474-1A3956D46DE8}") = "hmwk.1", "hmwk.1", "{A53CA36F-F62D-46C4-BF18-A7D11A908846}"
EndProject
Project("{9A19103F-16F7-4668-BE54-9A1E7A4F7556}") = "task1", "hmwk.1\task1\task1.csproj", "{50FE47F2-E621-4DAA-AD3B-619CE5F609BE}"
EndProject
Project("{9A19103F-16F7-4668-BE54-9A1E7A4F7556}") = "task3", "hmwk.1\task3\task3.csproj", "{31BEF064-BB86-48E4-B4F6-88BE68EF516A}"
EndProject
Project("{9A19103F-16F7-4668-BE54-9A1E7A4F7556}") = "task4", "hmwk.1\task4\task4.csproj", "{ADADD457-2A47-439F-911B-E79DE06CB342}"
EndProject
Project("{9A19103F-16F7-4668-BE54-9A1E7A4F7556}") = "task2", "hmwk.1\task2\task2.csproj", "{BE9FAC6D-86A2-4082-8459-CA6E8E57CFB2}"
EndProject
Project("{2150E333-8FDC-42A3-9474-1A3956D46DE8}") = "hmwk.2", "hmwk.2", "{8872584A-B9E5-4C99-A22C-01D9630C436C}"
EndProject
Project("{9A19103F-16F7-4668-BE54-9A1E7A4F7556}") = "task1", "hmwk.2\task1\task1.csproj", "{06D18079-8F73-4AF4-A321-1234BC15E08B}"
EndProject
Project("{9A19103F-16F7-4668-BE54-9A1E7A4F7556}") = "task3", "hmwk.2\task3\task3.csproj", "{52DC6E9B-6704-4360-91EA-545FB6B90BDB}"
EndProject
Project("{9A19103F-16F7-4668-BE54-9A1E7A4F7556}") = "task2", "hmwk.2\task2\task2.csproj", "{E34D0DEF-7537-4F95-A2CE-355158DE16B3}"
EndProject
Project("{2150E333-8FDC-42A3-9474-1A3956D46DE8}") = "hmwk.4", "hmwk.4", "{830412D0-D1C9-4A72-9DB6-68BC81C0D0F9}"
EndProject
Project("{9A19103F-16F7-4668-BE54-9A1E7A4F7556}") = "task1", "hmwk.4\task1\task1.csproj", "{D32DE975-9DD2-4964-B271-E7874F342B2C}"
EndProject
Project("{9A19103F-16F7-4668-BE54-9A1E7A4F7556}") = "task3", "hmwk.4\task3\task3.csproj", "{89C038E8-2CA9-4F70-BAFB-A9796345C38D}"
EndProject
Project("{9A19103F-16F7-4668-BE54-9A1E7A4F7556}") = "task2", "hmwk.4\task2\task2.csproj", "{5DB76961-C1AB-4B69-BA13-7B3E982A09EB}"
EndProject
Project("{2150E333-8FDC-42A3-9474-1A3956D46DE8}") = "hmwk.3", "hmwk.3", "{73172C89-7325-4686-AEBC-9C3BCE6F06CE}"
EndProject
Project("{9A19103F-16F7-4668-BE54-9A1E7A4F7556}") = "task1", "hmwk.3\task1\task1.csproj", "{F6BC399C-2D40-45E8-A8D3-5735C30E0784}"
EndProject
Project("{9A19103F-16F7-4668-BE54-9A1E7A4F7556}") = "task3", "hmwk.3\task3\task3.csproj", "{5D748C9B-A4DD-49A8-BAA8-1669946E790E}"
EndProject
Project("{9A19103F-16F7-4668-BE54-9A1E7A4F7556}") = "task2", "hmwk.3\task2\task2.csproj", "{577BAF18-D26D-485F-A691-3D87345C1B05}"
EndProject
Global
	GlobalSection(SolutionConfigurationPlatforms) = preSolution
		Debug|Any CPU = Debug|Any CPU
		Release|Any CPU = Release|Any CPU
	EndGlobalSection
	GlobalSection(ProjectConfigurationPlatforms) = postSolution
		{50FE47F2-E621-4DAA-AD3B-619CE5F609BE}.Debug|Any CPU.ActiveCfg = Debug|Any CPU
		{50FE47F2-E621-4DAA-AD3B-619CE5F609BE}.Debug|Any CPU.Build.0 = Debug|Any CPU
		{50FE47F2-E621-4DAA-AD3B-619CE5F609BE}.Release|Any CPU.ActiveCfg = Release|Any CPU
		{50FE47F2-E621-4DAA-AD3B-619CE5F609BE}.Release|Any CPU.Build.0 = Release|Any CPU
		{31BEF064-BB86-48E4-B4F6-88BE68EF516A}.Debug|Any CPU.ActiveCfg = Debug|Any CPU
		{31BEF064-BB86-48E4-B4F6-88BE68EF516A}.Debug|Any CPU.Build.0 = Debug|Any CPU
		{31BEF064-BB86-48E4-B4F6-88BE68EF516A}.Release|Any CPU.ActiveCfg = Release|Any CPU
		{31BEF064-BB86-48E4-B4F6-88BE68EF516A}.Release|Any CPU.Build.0 = Release|Any CPU
		{ADADD457-2A47-439F-911B-E79DE06CB342}.Debug|Any CPU.ActiveCfg = Debug|Any CPU
		{ADADD457-2A47-439F-911B-E79DE06CB342}.Debug|Any CPU.Build.0 = Debug|Any CPU
		{ADADD457-2A47-439F-911B-E79DE06CB342}.Release|Any CPU.ActiveCfg = Release|Any CPU
		{ADADD457-2A47-439F-911B-E79DE06CB342}.Release|Any CPU.Build.0 = Release|Any CPU
		{BE9FAC6D-86A2-4082-8459-CA6E8E57CFB2}.Debug|Any CPU.ActiveCfg = Debug|Any CPU
		{BE9FAC6D-86A2-4082-8459-CA6E8E57CFB2}.Debug|Any CPU.Build.0 = Debug|Any CPU
		{BE9FAC6D-86A2-4082-8459-CA6E8E57CFB2}.Release|Any CPU.ActiveCfg = Release|Any CPU
		{BE9FAC6D-86A2-4082-8459-CA6E8E57CFB2}.Release|Any CPU.Build.0 = Release|Any CPU
		{06D18079-8F73-4AF4-A321-1234BC15E08B}.Debug|Any CPU.ActiveCfg = Debug|Any CPU
		{06D18079-8F73-4AF4-A321-1234BC15E08B}.Debug|Any CPU.Build.0 = Debug|Any CPU
		{06D18079-8F73-4AF4-A321-1234BC15E08B}.Release|Any CPU.ActiveCfg = Release|Any CPU
		{06D18079-8F73-4AF4-A321-1234BC15E08B}.Release|Any CPU.Build.0 = Release|Any CPU
		{52DC6E9B-6704-4360-91EA-545FB6B90BDB}.Debug|Any CPU.ActiveCfg = Debug|Any CPU
		{52DC6E9B-6704-4360-91EA-545FB6B90BDB}.Debug|Any CPU.Build.0 = Debug|Any CPU
		{52DC6E9B-6704-4360-91EA-545FB6B90BDB}.Release|Any CPU.ActiveCfg = Release|Any CPU
		{52DC6E9B-6704-4360-91EA-545FB6B90BDB}.Release|Any CPU.Build.0 = Release|Any CPU
		{E34D0DEF-7537-4F95-A2CE-355158DE16B3}.Debug|Any CPU.ActiveCfg = Debug|Any CPU
		{E34D0DEF-7537-4F95-A2CE-355158DE16B3}.Debug|Any CPU.Build.0 = Debug|Any CPU
		{E34D0DEF-7537-4F95-A2CE-355158DE16B3}.Release|Any CPU.ActiveCfg = Release|Any CPU
		{E34D0DEF-7537-4F95-A2CE-355158DE16B3}.Release|Any CPU.Build.0 = Release|Any CPU
		{D32DE975-9DD2-4964-B271-E7874F342B2C}.Debug|Any CPU.ActiveCfg = Debug|Any CPU
		{D32DE975-9DD2-4964-B271-E7874F342B2C}.Debug|Any CPU.Build.0 = Debug|Any CPU
		{D32DE975-9DD2-4964-B271-E7874F342B2C}.Release|Any CPU.ActiveCfg = Release|Any CPU
		{D32DE975-9DD2-4964-B271-E7874F342B2C}.Release|Any CPU.Build.0 = Release|Any CPU
		{89C038E8-2CA9-4F70-BAFB-A9796345C38D}.Debug|Any CPU.ActiveCfg = Debug|Any CPU
		{89C038E8-2CA9-4F70-BAFB-A9796345C38D}.Debug|Any CPU.Build.0 = Debug|Any CPU
		{89C038E8-2CA9-4F70-BAFB-A9796345C38D}.Release|Any CPU.ActiveCfg = Release|Any CPU
		{89C038E8-2CA9-4F70-BAFB-A9796345C38D}.Release|Any CPU.Build.0 = Release|Any CPU
		{5DB76961-C1AB-4B69-BA13-7B3E982A09EB}.Debug|Any CPU.ActiveCfg = Debug|Any CPU
		{5DB76961-C1AB-4B69-BA13-7B3E982A09EB}.Debug|Any CPU.Build.0 = Debug|Any CPU
		{5DB76961-C1AB-4B69-BA13-7B3E982A09EB}.Release|Any CPU.ActiveCfg = Release|Any CPU
		{5DB76961-C1AB-4B69-BA13-7B3E982A09EB}.Release|Any CPU.Build.0 = Release|Any CPU
		{F6BC399C-2D40-45E8-A8D3-5735C30E0784}.Debug|Any CPU.ActiveCfg = Debug|Any CPU
		{F6BC399C-2D40-45E8-A8D3-5735C30E0784}.Debug|Any CPU.Build.0 = Debug|Any CPU
		{F6BC399C-2D40-45E8-A8D3-5735C30E0784}.Release|Any CPU.ActiveCfg = Release|Any CPU
		{F6BC399C-2D40-45E8-A8D3-5735C30E0784}.Release|Any CPU.Build.0 = Release|Any CPU
		{5D748C9B-A4DD-49A8-BAA8-1669946E790E}.Debug|Any CPU.ActiveCfg = Debug|Any CPU
		{5D748C9B-A4DD-49A8-BAA8-1669946E790E}.Debug|Any CPU.Build.0 = Debug|Any CPU
		{5D748C9B-A4DD-49A8-BAA8-1669946E790E}.Release|Any CPU.ActiveCfg = Release|Any CPU
		{5D748C9B-A4DD-49A8-BAA8-1669946E790E}.Release|Any CPU.Build.0 = Release|Any CPU
		{577BAF18-D26D-485F-A691-3D87345C1B05}.Debug|Any CPU.ActiveCfg = Debug|Any CPU
		{577BAF18-D26D-485F-A691-3D87345C1B05}.Debug|Any CPU.Build.0 = Debug|Any CPU
		{577BAF18-D26D-485F-A691-3D87345C1B05}.Release|Any CPU.ActiveCfg = Release|Any CPU
		{577BAF18-D26D-485F-A691-3D87345C1B05}.Release|Any CPU.Build.0 = Release|Any CPU
	EndGlobalSection
	GlobalSection(SolutionProperties) = preSolution
		HideSolutionNode = FALSE
	EndGlobalSection
	GlobalSection(NestedProjects) = preSolution
		{50FE47F2-E621-4DAA-AD3B-619CE5F609BE} = {A53CA36F-F62D-46C4-BF18-A7D11A908846}
		{31BEF064-BB86-48E4-B4F6-88BE68EF516A} = {A53CA36F-F62D-46C4-BF18-A7D11A908846}
		{ADADD457-2A47-439F-911B-E79DE06CB342} = {A53CA36F-F62D-46C4-BF18-A7D11A908846}
		{BE9FAC6D-86A2-4082-8459-CA6E8E57CFB2} = {A53CA36F-F62D-46C4-BF18-A7D11A908846}
		{06D18079-8F73-4AF4-A321-1234BC15E08B} = {8872584A-B9E5-4C99-A22C-01D9630C436C}
		{52DC6E9B-6704-4360-91EA-545FB6B90BDB} = {8872584A-B9E5-4C99-A22C-01D9630C436C}
		{E34D0DEF-7537-4F95-A2CE-355158DE16B3} = {8872584A-B9E5-4C99-A22C-01D9630C436C}
		{D32DE975-9DD2-4964-B271-E7874F342B2C} = {830412D0-D1C9-4A72-9DB6-68BC81C0D0F9}
		{89C038E8-2CA9-4F70-BAFB-A9796345C38D} = {830412D0-D1C9-4A72-9DB6-68BC81C0D0F9}
		{5DB76961-C1AB-4B69-BA13-7B3E982A09EB} = {830412D0-D1C9-4A72-9DB6-68BC81C0D0F9}
		{F6BC399C-2D40-45E8-A8D3-5735C30E0784} = {73172C89-7325-4686-AEBC-9C3BCE6F06CE}
		{5D748C9B-A4DD-49A8-BAA8-1669946E790E} = {73172C89-7325-4686-AEBC-9C3BCE6F06CE}
		{577BAF18-D26D-485F-A691-3D87345C1B05} = {73172C89-7325-4686-AEBC-9C3BCE6F06CE}
	EndGlobalSection
	GlobalSection(ExtensibilityGlobals) = postSolution
		SolutionGuid = {B1775270-FAE3-43B4-9BE5-474C6129371C}
	EndGlobalSection
EndGlobal
